{
    "_readme": [
        "This file locks the dependencies of your project to a known state",
        "Read more about it at http://getcomposer.org/doc/01-basic-usage.md#composer-lock-the-lock-file",
        "This file is @generated automatically"
    ],
    "hash": "5f0617493a84b518a4016c17816ef072",
    "packages": [
        {
            "name": "kijin/pinboard-api",
            "version": "0.3.0",
            "source": {
                "type": "git",
                "url": "https://github.com/kijin/pinboard-api.git",
                "reference": "8389201e943bb093592540df19e120a0ac9ab546"
            },
            "dist": {
                "type": "zip",
                "url": "https://api.github.com/repos/kijin/pinboard-api/zipball/8389201e943bb093592540df19e120a0ac9ab546",
                "reference": "8389201e943bb093592540df19e120a0ac9ab546",
                "shasum": ""
            },
            "require": {
                "ext-curl": "*",
                "ext-json": "*",
                "php": ">=5.0.0"
            },
            "type": "library",
            "autoload": {
                "files": [
                    "pinboard-api.php"
                ]
            },
            "notification-url": "https://packagist.org/downloads/",
            "license": [
                "MIT"
            ],
            "authors": [
                {
                    "name": "Kijin Sung",
                    "email": "kijin@kijinsung.com",
                    "role": "Developer"
                },
                {
                    "name": "Erin Dalzell",
                    "email": "erin@thedalzells.org",
                    "role": "Contributor"
                }
            ],
            "description": "Pinboard API Client in PHP",
            "homepage": "https://github.com/kijin/pinboard-api",
            "keywords": [
                "bookmark",
                "pinboard"
            ],
            "time": "2014-10-29 10:13:36"
        }
    ],
    "packages-dev": [],
    "aliases": [],
    "minimum-stability": "stable",
    "stability-flags": [],
    "prefer-stable": false,
    "platform": [],
    "platform-dev": []
}
